{
  "name": "lombokasync",
  "version": "0.2.0",
  "lockfileVersion": 3,
  "requires": true,
  "packages": {
    "": {
      "name": "lombokasync",
      "version": "0.2.0",
      "license": "Apache-2.0",
      "devDependencies": {
        "@types/node": "^22.10.0",
        "lombokfuzzer": "^0.1.0",
        "typescript": "^5.9.3"
      },
      "engines": {
        "node": ">=20"
      }
    },
    "node_modules/@types/node": {
      "version": "22.20.5",
      "resolved": "https://registry.npmjs.org/@types/node/-/node-22.20.5.tgz",
      "integrity": "sha512-U2+DNr+wSjpsTS/wZGYHq7GcwfuSmKiKvoPvK22zwTlRhU91yOniN4qRR5KhIjvif7ysw/dz/hKmfDH0Ris4aA==",
      "dev": true,
      "license": "MIT",
      "dependencies": {
        "undici-types": "~6.21.0"
      }
    },
    "node_modules/lombokfuzzer": {
      "version": "0.1.0",
      "resolved": "https://registry.npmjs.org/lombokfuzzer/-/lombokfuzzer-0.1.0.tgz",
      "integrity": "sha512-2sEWETM7CbGojilt3/vjSb7vbVMleLHXu7mSHFCWV+vpDmZApA36mMCmtwENTItYNaxIx4CVaby6hxvwcfGOcA==",
      "dev": true,
      "license": "Apache-2.0",
      "engines": {
        "node": ">=18.0.0"
      },
      "peerDependencies": {
        "lombokcharts": ">=0.1.0",
        "lombokcss": ">=0.1.0",
        "lombokecc": ">=0.1.0"
      },
      "peerDependenciesMeta": {
        "lombokcharts": {
          "optional": true
        },
        "lombokcss": {
          "optional": true
        },
        "lombokecc": {
          "optional": true
        }
      }
    },
    "node_modules/typescript": {
      "version": "5.9.3",
      "resolved": "https://registry.npmjs.org/typescript/-/typescript-5.9.3.tgz",
      "integrity": "sha512-jl1vZzPDinLr9eUt3J/t7V6FgNEw9QjvBPdysz9KfQDD41fQrC2Y4vKQdiaUpFT4bXlb1RHhLpp8wtm6M5TgSw==",
      "dev": true,
      "license": "Apache-2.0",
      "bin": {
        "tsc": "bin/tsc",
        "tsserver": "bin/tsserver"
      },
      "engines": {
        "node": ">=14.17"
      }
    },
    "node_modules/undici-types": {
      "version": "6.21.0",
      "resolved": "https://registry.npmjs.org/undici-types/-/undici-types-6.21.0.tgz",
      "integrity": "sha512-iwDZqg0QAGrg9Rav5H4n0M64c3mkR59cJ6wQp+7C4nI0gsmExaedaYLNO44eT4AtBBwjbTiGPMlt2Md0T9H9JQ==",
      "dev": true,
      "license": "MIT"
    }
  }
}
